// !$*UTF8*$!
{
	archiveVersion = 1;
	classes = {
	};
	objectVersion = 51;
	objects = {

/* Begin PBXBuildFile section */
		60EC3C8B554D81AF39480459 /* Pods_Cumulus_Cumulus_WidgetExtension.framework in Frameworks */ = {isa = PBXBuildFile; fileRef = BEE852E51A76603C13297CBE /* Pods_Cumulus_Cumulus_WidgetExtension.framework */; };
		615B5F0EF36D32675535A945 /* Pods_Cumulus.framework in Frameworks */ = {isa = PBXBuildFile; fileRef = 3AFF6EB0DDB4DF1B1CAB8592 /* Pods_Cumulus.framework */; };
		CF27280125F023E6007967EB /* ForecastDataTableVC.swift in Sources */ = {isa = PBXBuildFile; fileRef = CF27280025F023E6007967EB /* ForecastDataTableVC.swift */; };
		CF39201B2365217300FAFA53 /* MapKit.framework in Frameworks */ = {isa = PBXBuildFile; fileRef = CF39201A2365217300FAFA53 /* MapKit.framework */; };
		CF4205AC25B78B68002C2F97 /* DarkSkyAPI.swift in Sources */ = {isa = PBXBuildFile; fileRef = CF4205AB25B78B68002C2F97 /* DarkSkyAPI.swift */; };
		CF4205AF25B78B68002C2F97 /* DarkSkyAPI.swift in Sources */ = {isa = PBXBuildFile; fileRef = CF4205AB25B78B68002C2F97 /* DarkSkyAPI.swift */; };
		CF4205E525B78D0B002C2F97 /* OpenWeatherAPI.swift in Sources */ = {isa = PBXBuildFile; fileRef = CFD612AC259B8C9300FBC677 /* OpenWeatherAPI.swift */; };
		CF4A0E5F2108B1B30061CAAD /* Default-568h@2x.png in Resources */ = {isa = PBXBuildFile; fileRef = CF4A0E5E2108B1B30061CAAD /* Default-568h@2x.png */; };
		CF4A0E612108B5580061CAAD /* AppIconTableVC.swift in Sources */ = {isa = PBXBuildFile; fileRef = CF4A0E602108B5580061CAAD /* AppIconTableVC.swift */; };
		CF52ECD9210FA29D00A605A4 /* StoreKit.framework in Frameworks */ = {isa = PBXBuildFile; fileRef = CF52ECD8210FA29D00A605A4 /* StoreKit.framework */; };
		CF5EB7BA2435778F006FF5A5 /* Launch Screen.storyboard in Resources */ = {isa = PBXBuildFile; fileRef = CF5EB7B92435778F006FF5A5 /* Launch Screen.storyboard */; };
		CF6E4AA220DACFD8002349A7 /* AppDelegate.swift in Sources */ = {isa = PBXBuildFile; fileRef = CF6E4AA120DACFD8002349A7 /* AppDelegate.swift */; };
		CF6E4AA420DACFD8002349A7 /* ForecastVC.swift in Sources */ = {isa = PBXBuildFile; fileRef = CF6E4AA320DACFD8002349A7 /* ForecastVC.swift */; };
		CF81A5EF2519443100ED93A2 /* Main.storyboard in Resources */ = {isa = PBXBuildFile; fileRef = CF81A5EE2519443100ED93A2 /* Main.storyboard */; };
		CF94774B2167E48E00DA8B38 /* Intents.framework in Frameworks */ = {isa = PBXBuildFile; fileRef = CF94774A2167E48E00DA8B38 /* Intents.framework */; };
		CFA3259E20E44DE500F4AFBD /* LocationsVC.swift in Sources */ = {isa = PBXBuildFile; fileRef = CFA3259D20E44DE500F4AFBD /* LocationsVC.swift */; };
		CFA5487025FFB80900102006 /* Constants.swift in Sources */ = {isa = PBXBuildFile; fileRef = CFA5486F25FFB80900102006 /* Constants.swift */; };
		CFA5487725FFB83E00102006 /* Constants.swift in Sources */ = {isa = PBXBuildFile; fileRef = CFA5486F25FFB80900102006 /* Constants.swift */; };
		CFAB4446211F3A2000A7E3CB /* DefaultSettingsTableVC.swift in Sources */ = {isa = PBXBuildFile; fileRef = CFAB4445211F3A2000A7E3CB /* DefaultSettingsTableVC.swift */; };
		CFB1E84520E5972200972F19 /* LocationCell.swift in Sources */ = {isa = PBXBuildFile; fileRef = CFB1E84420E5972200972F19 /* LocationCell.swift */; };
		CFB693E520F8577200DE669A /* PrivacyAndTermsVC.swift in Sources */ = {isa = PBXBuildFile; fileRef = CFB693E420F8577200DE669A /* PrivacyAndTermsVC.swift */; };
		CFBE904B25C87898006A5C2B /* Color.swift in Sources */ = {isa = PBXBuildFile; fileRef = CFBE904A25C87898006A5C2B /* Color.swift */; };
		CFBE904F25C878B0006A5C2B /* Toolbar.swift in Sources */ = {isa = PBXBuildFile; fileRef = CFBE904E25C878B0006A5C2B /* Toolbar.swift */; };
		CFBE905725C878CA006A5C2B /* Date.swift in Sources */ = {isa = PBXBuildFile; fileRef = CFBE905625C878CA006A5C2B /* Date.swift */; };
		CFBE905D25C87901006A5C2B /* Strings.swift in Sources */ = {isa = PBXBuildFile; fileRef = CFBE905C25C87901006A5C2B /* Strings.swift */; };
		CFBE906125C87907006A5C2B /* Doubles.swift in Sources */ = {isa = PBXBuildFile; fileRef = CFBE906025C87907006A5C2B /* Doubles.swift */; };
		CFBE906E25C879C0006A5C2B /* Variables.swift in Sources */ = {isa = PBXBuildFile; fileRef = CFBE906D25C879C0006A5C2B /* Variables.swift */; };
		CFBE907225C879DD006A5C2B /* Functions.swift in Sources */ = {isa = PBXBuildFile; fileRef = CFBE907125C879DD006A5C2B /* Functions.swift */; };
		CFBE90CC25C87C32006A5C2B /* Variables.swift in Sources */ = {isa = PBXBuildFile; fileRef = CFBE906D25C879C0006A5C2B /* Variables.swift */; };
		CFBE90CD25C87C3E006A5C2B /* Functions.swift in Sources */ = {isa = PBXBuildFile; fileRef = CFBE907125C879DD006A5C2B /* Functions.swift */; };
		CFBE90D025C87C83006A5C2B /* Toolbar.swift in Sources */ = {isa = PBXBuildFile; fileRef = CFBE904E25C878B0006A5C2B /* Toolbar.swift */; };
		CFBE90D125C87C83006A5C2B /* Strings.swift in Sources */ = {isa = PBXBuildFile; fileRef = CFBE905C25C87901006A5C2B /* Strings.swift */; };
		CFBE90D225C87C83006A5C2B /* Date.swift in Sources */ = {isa = PBXBuildFile; fileRef = CFBE905625C878CA006A5C2B /* Date.swift */; };
		CFBE90D325C87C83006A5C2B /* Doubles.swift in Sources */ = {isa = PBXBuildFile; fileRef = CFBE906025C87907006A5C2B /* Doubles.swift */; };
		CFBE90D425C87C83006A5C2B /* Color.swift in Sources */ = {isa = PBXBuildFile; fileRef = CFBE904A25C87898006A5C2B /* Color.swift */; };
		CFC186152131B8A800F56AD0 /* CumulusPlusTableVC.swift in Sources */ = {isa = PBXBuildFile; fileRef = CFC186142131B8A800F56AD0 /* CumulusPlusTableVC.swift */; };
		CFCB3B0726CAE6CA00D0B0C5 /* OpenWeatherModel.swift in Sources */ = {isa = PBXBuildFile; fileRef = CFCB3B0626CAE6CA00D0B0C5 /* OpenWeatherModel.swift */; };
		CFCB3B0826CAE6CA00D0B0C5 /* OpenWeatherModel.swift in Sources */ = {isa = PBXBuildFile; fileRef = CFCB3B0626CAE6CA00D0B0C5 /* OpenWeatherModel.swift */; };
		CFD1CD2320EE9544004ED831 /* SettingsTableVC.swift in Sources */ = {isa = PBXBuildFile; fileRef = CFD1CD2220EE9544004ED831 /* SettingsTableVC.swift */; };
		CFD4ED2E26CC510000A5632B /* AppDelegate.swift in Sources */ = {isa = PBXBuildFile; fileRef = CF6E4AA120DACFD8002349A7 /* AppDelegate.swift */; };
		CFD4ED3026CC51BD00A5632B /* Dynamic App Icon in Resources */ = {isa = PBXBuildFile; fileRef = CFD4ED2F26CC51BC00A5632B /* Dynamic App Icon */; };
		CFD4ED3126CC51BD00A5632B /* Dynamic App Icon in Resources */ = {isa = PBXBuildFile; fileRef = CFD4ED2F26CC51BC00A5632B /* Dynamic App Icon */; };
		CFD5E8FC20E669B0002A5F0C /* AcknowledgementsVC.swift in Sources */ = {isa = PBXBuildFile; fileRef = CFD5E8FB20E669B0002A5F0C /* AcknowledgementsVC.swift */; };
		CFD612AD259B8C9300FBC677 /* OpenWeatherAPI.swift in Sources */ = {isa = PBXBuildFile; fileRef = CFD612AC259B8C9300FBC677 /* OpenWeatherAPI.swift */; };
		CFD790DA2151C4CD007E489D /* ThemeTableVC.swift in Sources */ = {isa = PBXBuildFile; fileRef = CFD790D92151C4CD007E489D /* ThemeTableVC.swift */; };
		CFD9CDFB2535FD3200CB128E /* WidgetKit.framework in Frameworks */ = {isa = PBXBuildFile; fileRef = CFF42EA42513CC3D005119C9 /* WidgetKit.framework */; };
		CFD9CDFC2535FD3200CB128E /* SwiftUI.framework in Frameworks */ = {isa = PBXBuildFile; fileRef = CFF42EA62513CC3D005119C9 /* SwiftUI.framework */; };
		CFD9CDFF2535FD3200CB128E /* Cumulus_Widget.swift in Sources */ = {isa = PBXBuildFile; fileRef = CFD9CDFE2535FD3200CB128E /* Cumulus_Widget.swift */; };
		CFD9CE012535FD3200CB128E /* Assets.xcassets in Resources */ = {isa = PBXBuildFile; fileRef = CFD9CE002535FD3200CB128E /* Assets.xcassets */; };
		CFD9CE052535FD3200CB128E /* Cumulus WidgetExtension.appex in Embed App Extensions */ = {isa = PBXBuildFile; fileRef = CFD9CDFA2535FD3200CB128E /* Cumulus WidgetExtension.appex */; settings = {ATTRIBUTES = (RemoveHeadersOnCopy, ); }; };
		CFD9CE0E2535FD3F00CB128E /* Assets.xcassets in Resources */ = {isa = PBXBuildFile; fileRef = CF6E4AA820DACFD9002349A7 /* Assets.xcassets */; };
		CFEA0F7C24D437B100E62E5F /* WeatherUnitsVC.swift in Sources */ = {isa = PBXBuildFile; fileRef = CFEA0F7B24D437B100E62E5F /* WeatherUnitsVC.swift */; };
		CFEE78B024705168001DE90B /* Assets.xcassets in Resources */ = {isa = PBXBuildFile; fileRef = CF6E4AA820DACFD9002349A7 /* Assets.xcassets */; };
		CFF0A964242E9A2500FDDAF1 /* Locations.xcdatamodeld in Sources */ = {isa = PBXBuildFile; fileRef = CF824C3820E84EEB00E5F0A7 /* Locations.xcdatamodeld */; };
		CFFB787720DF0B44008216F8 /* License in Resources */ = {isa = PBXBuildFile; fileRef = CFFB787620DF0B44008216F8 /* License */; };
/* End PBXBuildFile section */

/* Begin PBXContainerItemProxy section */
		CFD9CE032535FD3200CB128E /* PBXContainerItemProxy */ = {
			isa = PBXContainerItemProxy;
			containerPortal = CF6E4A9620DACFD8002349A7 /* Project object */;
			proxyType = 1;
			remoteGlobalIDString = CFD9CDF92535FD3200CB128E;
			remoteInfo = "Cumulus WidgetExtension";
		};
/* End PBXContainerItemProxy section */

/* Begin PBXCopyFilesBuildPhase section */
		CF07AB8920E4138D00810A64 /* Embed Watch Content */ = {
			isa = PBXCopyFilesBuildPhase;
			buildActionMask = 2147483647;
			dstPath = "$(CONTENTS_FOLDER_PATH)/Watch";
			dstSubfolderSpec = 16;
			files = (
			);
			name = "Embed Watch Content";
			runOnlyForDeploymentPostprocessing = 0;
		};
		CFDEEC1820E26ED900BA5EA5 /* Embed App Extensions */ = {
			isa = PBXCopyFilesBuildPhase;
			buildActionMask = 2147483647;
			dstPath = "";
			dstSubfolderSpec = 13;
			files = (
				CFD9CE052535FD3200CB128E /* Cumulus WidgetExtension.appex in Embed App Extensions */,
			);
			name = "Embed App Extensions";
			runOnlyForDeploymentPostprocessing = 0;
		};
/* End PBXCopyFilesBuildPhase section */

/* Begin PBXFileReference section */
		3AFF6EB0DDB4DF1B1CAB8592 /* Pods_Cumulus.framework */ = {isa = PBXFileReference; explicitFileType = wrapper.framework; includeInIndex = 0; path = Pods_Cumulus.framework; sourceTree = BUILT_PRODUCTS_DIR; };
		54C30CC3F4BA039319DF1E98 /* Pods-Cumulus-Cumulus WidgetExtension.release.xcconfig */ = {isa = PBXFileReference; includeInIndex = 1; lastKnownFileType = text.xcconfig; name = "Pods-Cumulus-Cumulus WidgetExtension.release.xcconfig"; path = "Target Support Files/Pods-Cumulus-Cumulus WidgetExtension/Pods-Cumulus-Cumulus WidgetExtension.release.xcconfig"; sourceTree = "<group>"; };
		63FF7E1298D9FA0C67608898 /* Pods-Cumulus.release.xcconfig */ = {isa = PBXFileReference; includeInIndex = 1; lastKnownFileType = text.xcconfig; name = "Pods-Cumulus.release.xcconfig"; path = "Target Support Files/Pods-Cumulus/Pods-Cumulus.release.xcconfig"; sourceTree = "<group>"; };
		66CEBF380AF5EEC801E6A4A1 /* Pods-Cumulus-Cumulus WidgetExtension.debug.xcconfig */ = {isa = PBXFileReference; includeInIndex = 1; lastKnownFileType = text.xcconfig; name = "Pods-Cumulus-Cumulus WidgetExtension.debug.xcconfig"; path = "Target Support Files/Pods-Cumulus-Cumulus WidgetExtension/Pods-Cumulus-Cumulus WidgetExtension.debug.xcconfig"; sourceTree = "<group>"; };
		BEE852E51A76603C13297CBE /* Pods_Cumulus_Cumulus_WidgetExtension.framework */ = {isa = PBXFileReference; explicitFileType = wrapper.framework; includeInIndex = 0; path = Pods_Cumulus_Cumulus_WidgetExtension.framework; sourceTree = BUILT_PRODUCTS_DIR; };
		CE350F1557F2EB4B2AA72A5E /* Pods-Cumulus.debug.xcconfig */ = {isa = PBXFileReference; includeInIndex = 1; lastKnownFileType = text.xcconfig; name = "Pods-Cumulus.debug.xcconfig"; path = "Target Support Files/Pods-Cumulus/Pods-Cumulus.debug.xcconfig"; sourceTree = "<group>"; };
		CF1B83C0252269C400F305A6 /* AppIntentVocabulary.plist */ = {isa = PBXFileReference; fileEncoding = 4; lastKnownFileType = text.plist.xml; path = AppIntentVocabulary.plist; sourceTree = "<group>"; };
		CF27280025F023E6007967EB /* ForecastDataTableVC.swift */ = {isa = PBXFileReference; lastKnownFileType = sourcecode.swift; path = ForecastDataTableVC.swift; sourceTree = "<group>"; };
		CF39201A2365217300FAFA53 /* MapKit.framework */ = {isa = PBXFileReference; lastKnownFileType = wrapper.framework; name = MapKit.framework; path = System/Library/Frameworks/MapKit.framework; sourceTree = SDKROOT; };
		CF4205AB25B78B68002C2F97 /* DarkSkyAPI.swift */ = {isa = PBXFileReference; lastKnownFileType = sourcecode.swift; path = DarkSkyAPI.swift; sourceTree = "<group>"; };
		CF4A0E5E2108B1B30061CAAD /* Default-568h@2x.png */ = {isa = PBXFileReference; lastKnownFileType = image.png; path = "Default-568h@2x.png"; sourceTree = "<group>"; };
		CF4A0E602108B5580061CAAD /* AppIconTableVC.swift */ = {isa = PBXFileReference; lastKnownFileType = sourcecode.swift; path = AppIconTableVC.swift; sourceTree = "<group>"; };
		CF52ECD8210FA29D00A605A4 /* StoreKit.framework */ = {isa = PBXFileReference; lastKnownFileType = wrapper.framework; name = StoreKit.framework; path = System/Library/Frameworks/StoreKit.framework; sourceTree = SDKROOT; };
		CF5EB7B92435778F006FF5A5 /* Launch Screen.storyboard */ = {isa = PBXFileReference; lastKnownFileType = file.storyboard; path = "Launch Screen.storyboard"; sourceTree = "<group>"; };
		CF6E4A9E20DACFD8002349A7 /* Cumulus.app */ = {isa = PBXFileReference; explicitFileType = wrapper.application; includeInIndex = 0; path = Cumulus.app; sourceTree = BUILT_PRODUCTS_DIR; };
		CF6E4AA120DACFD8002349A7 /* AppDelegate.swift */ = {isa = PBXFileReference; lastKnownFileType = sourcecode.swift; path = AppDelegate.swift; sourceTree = "<group>"; };
		CF6E4AA320DACFD8002349A7 /* ForecastVC.swift */ = {isa = PBXFileReference; lastKnownFileType = sourcecode.swift; path = ForecastVC.swift; sourceTree = "<group>"; };
		CF6E4AA820DACFD9002349A7 /* Assets.xcassets */ = {isa = PBXFileReference; lastKnownFileType = folder.assetcatalog; path = Assets.xcassets; sourceTree = "<group>"; };
		CF6E4AAD20DACFD9002349A7 /* Info.plist */ = {isa = PBXFileReference; lastKnownFileType = text.plist.xml; path = Info.plist; sourceTree = "<group>"; };
		CF81A59D2519435700ED93A2 /* Cumulus.entitlements */ = {isa = PBXFileReference; lastKnownFileType = text.plist.entitlements; path = Cumulus.entitlements; sourceTree = "<group>"; };
		CF81A5EE2519443100ED93A2 /* Main.storyboard */ = {isa = PBXFileReference; fileEncoding = 4; lastKnownFileType = file.storyboard; path = Main.storyboard; sourceTree = "<group>"; };
		CF824C3920E84EEB00E5F0A7 /* Locations.xcdatamodel */ = {isa = PBXFileReference; lastKnownFileType = wrapper.xcdatamodel; path = Locations.xcdatamodel; sourceTree = "<group>"; };
		CF94774A2167E48E00DA8B38 /* Intents.framework */ = {isa = PBXFileReference; lastKnownFileType = wrapper.framework; name = Intents.framework; path = System/Library/Frameworks/Intents.framework; sourceTree = SDKROOT; };
		CF94775A2168080A00DA8B38 /* IntentsUI.framework */ = {isa = PBXFileReference; lastKnownFileType = wrapper.framework; name = IntentsUI.framework; path = System/Library/Frameworks/IntentsUI.framework; sourceTree = SDKROOT; };
		CFA3259D20E44DE500F4AFBD /* LocationsVC.swift */ = {isa = PBXFileReference; lastKnownFileType = sourcecode.swift; path = LocationsVC.swift; sourceTree = "<group>"; };
		CFA5486F25FFB80900102006 /* Constants.swift */ = {isa = PBXFileReference; lastKnownFileType = sourcecode.swift; path = Constants.swift; sourceTree = "<group>"; };
		CFAB4445211F3A2000A7E3CB /* DefaultSettingsTableVC.swift */ = {isa = PBXFileReference; lastKnownFileType = sourcecode.swift; path = DefaultSettingsTableVC.swift; sourceTree = "<group>"; };
		CFB1E84420E5972200972F19 /* LocationCell.swift */ = {isa = PBXFileReference; lastKnownFileType = sourcecode.swift; path = LocationCell.swift; sourceTree = "<group>"; };
		CFB693E420F8577200DE669A /* PrivacyAndTermsVC.swift */ = {isa = PBXFileReference; lastKnownFileType = sourcecode.swift; path = PrivacyAndTermsVC.swift; sourceTree = "<group>"; };
		CFBE904A25C87898006A5C2B /* Color.swift */ = {isa = PBXFileReference; lastKnownFileType = sourcecode.swift; path = Color.swift; sourceTree = "<group>"; };
		CFBE904E25C878B0006A5C2B /* Toolbar.swift */ = {isa = PBXFileReference; lastKnownFileType = sourcecode.swift; path = Toolbar.swift; sourceTree = "<group>"; };
		CFBE905625C878CA006A5C2B /* Date.swift */ = {isa = PBXFileReference; lastKnownFileType = sourcecode.swift; path = Date.swift; sourceTree = "<group>"; };
		CFBE905C25C87901006A5C2B /* Strings.swift */ = {isa = PBXFileReference; lastKnownFileType = sourcecode.swift; path = Strings.swift; sourceTree = "<group>"; };
		CFBE906025C87907006A5C2B /* Doubles.swift */ = {isa = PBXFileReference; lastKnownFileType = sourcecode.swift; path = Doubles.swift; sourceTree = "<group>"; };
		CFBE906D25C879C0006A5C2B /* Variables.swift */ = {isa = PBXFileReference; lastKnownFileType = sourcecode.swift; path = Variables.swift; sourceTree = "<group>"; };
		CFBE907125C879DD006A5C2B /* Functions.swift */ = {isa = PBXFileReference; lastKnownFileType = sourcecode.swift; path = Functions.swift; sourceTree = "<group>"; };
		CFC186142131B8A800F56AD0 /* CumulusPlusTableVC.swift */ = {isa = PBXFileReference; lastKnownFileType = sourcecode.swift; path = CumulusPlusTableVC.swift; sourceTree = "<group>"; };
		CFCB3B0626CAE6CA00D0B0C5 /* OpenWeatherModel.swift */ = {isa = PBXFileReference; lastKnownFileType = sourcecode.swift; path = OpenWeatherModel.swift; sourceTree = "<group>"; };
		CFD1CD2220EE9544004ED831 /* SettingsTableVC.swift */ = {isa = PBXFileReference; lastKnownFileType = sourcecode.swift; path = SettingsTableVC.swift; sourceTree = "<group>"; };
		CFD4ED2F26CC51BC00A5632B /* Dynamic App Icon */ = {isa = PBXFileReference; lastKnownFileType = folder; name = "Dynamic App Icon"; path = "../../../Icon/Dynamic App Icon"; sourceTree = "<group>"; };
		CFD5E8FB20E669B0002A5F0C /* AcknowledgementsVC.swift */ = {isa = PBXFileReference; lastKnownFileType = sourcecode.swift; path = AcknowledgementsVC.swift; sourceTree = "<group>"; };
		CFD612AC259B8C9300FBC677 /* OpenWeatherAPI.swift */ = {isa = PBXFileReference; lastKnownFileType = sourcecode.swift; path = OpenWeatherAPI.swift; sourceTree = "<group>"; };
		CFD790D92151C4CD007E489D /* ThemeTableVC.swift */ = {isa = PBXFileReference; lastKnownFileType = sourcecode.swift; path = ThemeTableVC.swift; sourceTree = "<group>"; };
		CFD9CDFA2535FD3200CB128E /* Cumulus WidgetExtension.appex */ = {isa = PBXFileReference; explicitFileType = "wrapper.app-extension"; includeInIndex = 0; path = "Cumulus WidgetExtension.appex"; sourceTree = BUILT_PRODUCTS_DIR; };
		CFD9CDFE2535FD3200CB128E /* Cumulus_Widget.swift */ = {isa = PBXFileReference; lastKnownFileType = sourcecode.swift; path = Cumulus_Widget.swift; sourceTree = "<group>"; };
		CFD9CE002535FD3200CB128E /* Assets.xcassets */ = {isa = PBXFileReference; lastKnownFileType = folder.assetcatalog; path = Assets.xcassets; sourceTree = "<group>"; };
		CFD9CE022535FD3200CB128E /* Info.plist */ = {isa = PBXFileReference; lastKnownFileType = text.plist.xml; path = Info.plist; sourceTree = "<group>"; };
		CFDEEC0920E26ED900BA5EA5 /* NotificationCenter.framework */ = {isa = PBXFileReference; lastKnownFileType = wrapper.framework; name = NotificationCenter.framework; path = System/Library/Frameworks/NotificationCenter.framework; sourceTree = SDKROOT; };
		CFE76B4125A11F610040D4C9 /* Cumulus WidgetExtension.entitlements */ = {isa = PBXFileReference; lastKnownFileType = text.plist.entitlements; path = "Cumulus WidgetExtension.entitlements"; sourceTree = "<group>"; };
		CFEA0F7B24D437B100E62E5F /* WeatherUnitsVC.swift */ = {isa = PBXFileReference; lastKnownFileType = sourcecode.swift; path = WeatherUnitsVC.swift; sourceTree = "<group>"; };
		CFF42EA42513CC3D005119C9 /* WidgetKit.framework */ = {isa = PBXFileReference; lastKnownFileType = wrapper.framework; name = WidgetKit.framework; path = System/Library/Frameworks/WidgetKit.framework; sourceTree = SDKROOT; };
		CFF42EA62513CC3D005119C9 /* SwiftUI.framework */ = {isa = PBXFileReference; lastKnownFileType = wrapper.framework; name = SwiftUI.framework; path = System/Library/Frameworks/SwiftUI.framework; sourceTree = SDKROOT; };
		CFFB787620DF0B44008216F8 /* License */ = {isa = PBXFileReference; lastKnownFileType = text; path = License; sourceTree = "<group>"; };
/* End PBXFileReference section */

/* Begin PBXFrameworksBuildPhase section */
		CF6E4A9B20DACFD8002349A7 /* Frameworks */ = {
			isa = PBXFrameworksBuildPhase;
			buildActionMask = 2147483647;
			files = (
				CF94774B2167E48E00DA8B38 /* Intents.framework in Frameworks */,
				CF52ECD9210FA29D00A605A4 /* StoreKit.framework in Frameworks */,
				CF39201B2365217300FAFA53 /* MapKit.framework in Frameworks */,
				615B5F0EF36D32675535A945 /* Pods_Cumulus.framework in Frameworks */,
			);
			runOnlyForDeploymentPostprocessing = 0;
		};
		CFD9CDF72535FD3200CB128E /* Frameworks */ = {
			isa = PBXFrameworksBuildPhase;
			buildActionMask = 2147483647;
			files = (
				CFD9CDFC2535FD3200CB128E /* SwiftUI.framework in Frameworks */,
				CFD9CDFB2535FD3200CB128E /* WidgetKit.framework in Frameworks */,
				60EC3C8B554D81AF39480459 /* Pods_Cumulus_Cumulus_WidgetExtension.framework in Frameworks */,
			);
			runOnlyForDeploymentPostprocessing = 0;
		};
/* End PBXFrameworksBuildPhase section */

/* Begin PBXGroup section */
		34F474473D8808F01E8529E7 /* Pods */ = {
			isa = PBXGroup;
			children = (
				CE350F1557F2EB4B2AA72A5E /* Pods-Cumulus.debug.xcconfig */,
				63FF7E1298D9FA0C67608898 /* Pods-Cumulus.release.xcconfig */,
				66CEBF380AF5EEC801E6A4A1 /* Pods-Cumulus-Cumulus WidgetExtension.debug.xcconfig */,
				54C30CC3F4BA039319DF1E98 /* Pods-Cumulus-Cumulus WidgetExtension.release.xcconfig */,
			);
			path = Pods;
			sourceTree = "<group>";
		};
		5EE996DAD71F1CE8D2F46C19 /* Frameworks */ = {
			isa = PBXGroup;
			children = (
				CF39201A2365217300FAFA53 /* MapKit.framework */,
				CF94774A2167E48E00DA8B38 /* Intents.framework */,
				CF52ECD8210FA29D00A605A4 /* StoreKit.framework */,
				CFDEEC0920E26ED900BA5EA5 /* NotificationCenter.framework */,
				CF94775A2168080A00DA8B38 /* IntentsUI.framework */,
				CFF42EA42513CC3D005119C9 /* WidgetKit.framework */,
				CFF42EA62513CC3D005119C9 /* SwiftUI.framework */,
				3AFF6EB0DDB4DF1B1CAB8592 /* Pods_Cumulus.framework */,
				BEE852E51A76603C13297CBE /* Pods_Cumulus_Cumulus_WidgetExtension.framework */,
			);
			name = Frameworks;
			sourceTree = "<group>";
		};
		CF42057F25B78ABA002C2F97 /* Utilities */ = {
			isa = PBXGroup;
			children = (
				CFBE906D25C879C0006A5C2B /* Variables.swift */,
				CFA5486F25FFB80900102006 /* Constants.swift */,
				CFBE907125C879DD006A5C2B /* Functions.swift */,
				CFD612AC259B8C9300FBC677 /* OpenWeatherAPI.swift */,
				CF4205AB25B78B68002C2F97 /* DarkSkyAPI.swift */,
				CFCB3B0926CAE7CC00D0B0C5 /* Extensions */,
			);
			path = Utilities;
			sourceTree = "<group>";
		};
		CF6E4A9520DACFD8002349A7 = {
			isa = PBXGroup;
			children = (
				CF4A0E5E2108B1B30061CAAD /* Default-568h@2x.png */,
				CFFB787620DF0B44008216F8 /* License */,
				CF6E4AA020DACFD8002349A7 /* Cumulus */,
				CFD9CDFD2535FD3200CB128E /* Cumulus Widget */,
				CF6E4A9F20DACFD8002349A7 /* Products */,
				5EE996DAD71F1CE8D2F46C19 /* Frameworks */,
				34F474473D8808F01E8529E7 /* Pods */,
			);
			sourceTree = "<group>";
		};
		CF6E4A9F20DACFD8002349A7 /* Products */ = {
			isa = PBXGroup;
			children = (
				CF6E4A9E20DACFD8002349A7 /* Cumulus.app */,
				CFD9CDFA2535FD3200CB128E /* Cumulus WidgetExtension.appex */,
			);
			name = Products;
			sourceTree = "<group>";
		};
		CF6E4AA020DACFD8002349A7 /* Cumulus */ = {
			isa = PBXGroup;
			children = (
				CF42057F25B78ABA002C2F97 /* Utilities */,
				CFBE907925C87A44006A5C2B /* Model */,
				CFBE907A25C87A80006A5C2B /* View */,
				CFBE908325C87B82006A5C2B /* Storyboard */,
				CFD4ED2D26CC508300A5632B /* Resources */,
				CF6E4AA120DACFD8002349A7 /* AppDelegate.swift */,
				CF6E4AAD20DACFD9002349A7 /* Info.plist */,
				CF81A59D2519435700ED93A2 /* Cumulus.entitlements */,
			);
			path = Cumulus;
			sourceTree = "<group>";
		};
		CFBE907925C87A44006A5C2B /* Model */ = {
			isa = PBXGroup;
			children = (
				CF1B83C0252269C400F305A6 /* AppIntentVocabulary.plist */,
				CF824C3820E84EEB00E5F0A7 /* Locations.xcdatamodeld */,
				CFCB3B0626CAE6CA00D0B0C5 /* OpenWeatherModel.swift */,
			);
			path = Model;
			sourceTree = "<group>";
		};
		CFBE907A25C87A80006A5C2B /* View */ = {
			isa = PBXGroup;
			children = (
				CFBE907B25C87AAC006A5C2B /* Controller */,
				CFD4ED2B26CC4F3000A5632B /* Cell */,
			);
			path = View;
			sourceTree = "<group>";
		};
		CFBE907B25C87AAC006A5C2B /* Controller */ = {
			isa = PBXGroup;
			children = (
				CF6E4AA320DACFD8002349A7 /* ForecastVC.swift */,
				CFA3259D20E44DE500F4AFBD /* LocationsVC.swift */,
				CFD1CD2220EE9544004ED831 /* SettingsTableVC.swift */,
				CFC186142131B8A800F56AD0 /* CumulusPlusTableVC.swift */,
				CFAB4445211F3A2000A7E3CB /* DefaultSettingsTableVC.swift */,
				CF27280025F023E6007967EB /* ForecastDataTableVC.swift */,
				CFEA0F7B24D437B100E62E5F /* WeatherUnitsVC.swift */,
				CF4A0E602108B5580061CAAD /* AppIconTableVC.swift */,
				CFD790D92151C4CD007E489D /* ThemeTableVC.swift */,
				CFB693E420F8577200DE669A /* PrivacyAndTermsVC.swift */,
				CFD5E8FB20E669B0002A5F0C /* AcknowledgementsVC.swift */,
			);
			path = Controller;
			sourceTree = "<group>";
		};
		CFBE908325C87B82006A5C2B /* Storyboard */ = {
			isa = PBXGroup;
			children = (
				CF5EB7B92435778F006FF5A5 /* Launch Screen.storyboard */,
				CF81A5EE2519443100ED93A2 /* Main.storyboard */,
			);
			path = Storyboard;
			sourceTree = "<group>";
		};
		CFCB3B0926CAE7CC00D0B0C5 /* Extensions */ = {
			isa = PBXGroup;
			children = (
				CFBE904A25C87898006A5C2B /* Color.swift */,
				CFBE904E25C878B0006A5C2B /* Toolbar.swift */,
				CFBE905625C878CA006A5C2B /* Date.swift */,
				CFBE905C25C87901006A5C2B /* Strings.swift */,
				CFBE906025C87907006A5C2B /* Doubles.swift */,
			);
			path = Extensions;
			sourceTree = "<group>";
		};
		CFD4ED2B26CC4F3000A5632B /* Cell */ = {
			isa = PBXGroup;
			children = (
				CFB1E84420E5972200972F19 /* LocationCell.swift */,
			);
			path = Cell;
			sourceTree = "<group>";
		};
		CFD4ED2D26CC508300A5632B /* Resources */ = {
			isa = PBXGroup;
			children = (
				CF6E4AA820DACFD9002349A7 /* Assets.xcassets */,
				CFD4ED2F26CC51BC00A5632B /* Dynamic App Icon */,
			);
			path = Resources;
			sourceTree = "<group>";
		};
		CFD9CDFD2535FD3200CB128E /* Cumulus Widget */ = {
			isa = PBXGroup;
			children = (
				CFD9CDFE2535FD3200CB128E /* Cumulus_Widget.swift */,
				CFD9CE002535FD3200CB128E /* Assets.xcassets */,
				CFD9CE022535FD3200CB128E /* Info.plist */,
				CFE76B4125A11F610040D4C9 /* Cumulus WidgetExtension.entitlements */,
			);
			path = "Cumulus Widget";
			sourceTree = "<group>";
		};
/* End PBXGroup section */

/* Begin PBXNativeTarget section */
		CF6E4A9D20DACFD8002349A7 /* Cumulus */ = {
			isa = PBXNativeTarget;
			buildConfigurationList = CF6E4AB020DACFD9002349A7 /* Build configuration list for PBXNativeTarget "Cumulus" */;
			buildPhases = (
				A7DE9019ACEE7ED98282DA0D /* [CP] Check Pods Manifest.lock */,
				CF6E4A9A20DACFD8002349A7 /* Sources */,
				CF6E4A9B20DACFD8002349A7 /* Frameworks */,
				CF6E4A9C20DACFD8002349A7 /* Resources */,
				CFDEEC1820E26ED900BA5EA5 /* Embed App Extensions */,
				CF07AB8920E4138D00810A64 /* Embed Watch Content */,
				E35B026C3E5D547D7FA92C64 /* [CP] Embed Pods Frameworks */,
				75282A455B2C37071CBCDBA8 /* [CP] Copy Pods Resources */,
			);
			buildRules = (
			);
			dependencies = (
				CFD9CE042535FD3200CB128E /* PBXTargetDependency */,
			);
			name = Cumulus;
			productName = "Puttle Weather";
			productReference = CF6E4A9E20DACFD8002349A7 /* Cumulus.app */;
			productType = "com.apple.product-type.application";
		};
		CFD9CDF92535FD3200CB128E /* Cumulus WidgetExtension */ = {
			isa = PBXNativeTarget;
			buildConfigurationList = CFD9CE082535FD3200CB128E /* Build configuration list for PBXNativeTarget "Cumulus WidgetExtension" */;
			buildPhases = (
				3214E452BBB70D47C24646DC /* [CP] Check Pods Manifest.lock */,
				CFD9CDF62535FD3200CB128E /* Sources */,
				CFD9CDF72535FD3200CB128E /* Frameworks */,
				CFD9CDF82535FD3200CB128E /* Resources */,
				9F73D5140B4738A782C38973 /* [CP] Copy Pods Resources */,
			);
			buildRules = (
			);
			dependencies = (
			);
			name = "Cumulus WidgetExtension";
			productName = "Cumulus WidgetExtension";
			productReference = CFD9CDFA2535FD3200CB128E /* Cumulus WidgetExtension.appex */;
			productType = "com.apple.product-type.app-extension";
		};
/* End PBXNativeTarget section */

/* Begin PBXProject section */
		CF6E4A9620DACFD8002349A7 /* Project object */ = {
			isa = PBXProject;
			attributes = {
				LastSwiftUpdateCheck = 1200;
				LastUpgradeCheck = 1200;
				ORGANIZATIONNAME = "Joseph Szafarowicz";
				TargetAttributes = {
					CF6E4A9D20DACFD8002349A7 = {
						CreatedOnToolsVersion = 9.4.1;
						SystemCapabilities = {
							com.apple.ApplicationGroups.iOS = {
								enabled = 1;
							};
							com.apple.BackgroundModes = {
								enabled = 1;
							};
							com.apple.InAppPurchase = {
								enabled = 1;
							};
							com.apple.Push = {
								enabled = 1;
							};
							com.apple.Siri = {
								enabled = 1;
							};
						};
					};
					CFD9CDF92535FD3200CB128E = {
						CreatedOnToolsVersion = 12.0.1;
					};
				};
			};
			buildConfigurationList = CF6E4A9920DACFD8002349A7 /* Build configuration list for PBXProject "Cumulus" */;
			compatibilityVersion = "Xcode 9.3";
			developmentRegion = en;
			hasScannedForEncodings = 0;
			knownRegions = (
				en,
				Base,
			);
			mainGroup = CF6E4A9520DACFD8002349A7;
			productRefGroup = CF6E4A9F20DACFD8002349A7 /* Products */;
			projectDirPath = "";
			projectRoot = "";
			targets = (
				CF6E4A9D20DACFD8002349A7 /* Cumulus */,
				CFD9CDF92535FD3200CB128E /* Cumulus WidgetExtension */,
			);
		};
/* End PBXProject section */

/* Begin PBXResourcesBuildPhase section */
		CF6E4A9C20DACFD8002349A7 /* Resources */ = {
			isa = PBXResourcesBuildPhase;
			buildActionMask = 2147483647;
			files = (
				CFD4ED3026CC51BD00A5632B /* Dynamic App Icon in Resources */,
				CF81A5EF2519443100ED93A2 /* Main.storyboard in Resources */,
				CF5EB7BA2435778F006FF5A5 /* Launch Screen.storyboard in Resources */,
				CF4A0E5F2108B1B30061CAAD /* Default-568h@2x.png in Resources */,
				CFFB787720DF0B44008216F8 /* License in Resources */,
				CFEE78B024705168001DE90B /* Assets.xcassets in Resources */,
			);
			runOnlyForDeploymentPostprocessing = 0;
		};
		CFD9CDF82535FD3200CB128E /* Resources */ = {
			isa = PBXResourcesBuildPhase;
			buildActionMask = 2147483647;
			files = (
				CFD4ED3126CC51BD00A5632B /* Dynamic App Icon in Resources */,
				CFD9CE0E2535FD3F00CB128E /* Assets.xcassets in Resources */,
				CFD9CE012535FD3200CB128E /* Assets.xcassets in Resources */,
			);
			runOnlyForDeploymentPostprocessing = 0;
		};
/* End PBXResourcesBuildPhase section */

/* Begin PBXShellScriptBuildPhase section */
		3214E452BBB70D47C24646DC /* [CP] Check Pods Manifest.lock */ = {
			isa = PBXShellScriptBuildPhase;
			buildActionMask = 2147483647;
			files = (
			);
			inputFileListPaths = (
			);
			inputPaths = (
				"${PODS_PODFILE_DIR_PATH}/Podfile.lock",
				"${PODS_ROOT}/Manifest.lock",
			);
			name = "[CP] Check Pods Manifest.lock";
			outputFileListPaths = (
			);
			outputPaths = (
				"$(DERIVED_FILE_DIR)/Pods-Cumulus-Cumulus WidgetExtension-checkManifestLockResult.txt",
			);
			runOnlyForDeploymentPostprocessing = 0;
			shellPath = /bin/sh;
			shellScript = "diff \"${PODS_PODFILE_DIR_PATH}/Podfile.lock\" \"${PODS_ROOT}/Manifest.lock\" > /dev/null\nif [ $? != 0 ] ; then\n    # print error to STDERR\n    echo \"error: The sandbox is not in sync with the Podfile.lock. Run 'pod install' or update your CocoaPods installation.\" >&2\n    exit 1\nfi\n# This output is used by Xcode 'outputs' to avoid re-running this script phase.\necho \"SUCCESS\" > \"${SCRIPT_OUTPUT_FILE_0}\"\n";
			showEnvVarsInLog = 0;
		};
		75282A455B2C37071CBCDBA8 /* [CP] Copy Pods Resources */ = {
			isa = PBXShellScriptBuildPhase;
			buildActionMask = 2147483647;
			files = (
			);
			inputFileListPaths = (
				"${PODS_ROOT}/Target Support Files/Pods-Cumulus/Pods-Cumulus-resources-${CONFIGURATION}-input-files.xcfilelist",
			);
			name = "[CP] Copy Pods Resources";
			outputFileListPaths = (
				"${PODS_ROOT}/Target Support Files/Pods-Cumulus/Pods-Cumulus-resources-${CONFIGURATION}-output-files.xcfilelist",
			);
			runOnlyForDeploymentPostprocessing = 0;
			shellPath = /bin/sh;
			shellScript = "\"${PODS_ROOT}/Target Support Files/Pods-Cumulus/Pods-Cumulus-resources.sh\"\n";
			showEnvVarsInLog = 0;
		};
		9F73D5140B4738A782C38973 /* [CP] Copy Pods Resources */ = {
			isa = PBXShellScriptBuildPhase;
			buildActionMask = 2147483647;
			files = (
			);
			inputFileListPaths = (
				"${PODS_ROOT}/Target Support Files/Pods-Cumulus-Cumulus WidgetExtension/Pods-Cumulus-Cumulus WidgetExtension-resources-${CONFIGURATION}-input-files.xcfilelist",
			);
			name = "[CP] Copy Pods Resources";
			outputFileListPaths = (
				"${PODS_ROOT}/Target Support Files/Pods-Cumulus-Cumulus WidgetExtension/Pods-Cumulus-Cumulus WidgetExtension-resources-${CONFIGURATION}-output-files.xcfilelist",
			);
			runOnlyForDeploymentPostprocessing = 0;
			shellPath = /bin/sh;
			shellScript = "\"${PODS_ROOT}/Target Support Files/Pods-Cumulus-Cumulus WidgetExtension/Pods-Cumulus-Cumulus WidgetExtension-resources.sh\"\n";
			showEnvVarsInLog = 0;
		};
		A7DE9019ACEE7ED98282DA0D /* [CP] Check Pods Manifest.lock */ = {
			isa = PBXShellScriptBuildPhase;
			buildActionMask = 2147483647;
			files = (
			);
			inputFileListPaths = (
			);
			inputPaths = (
				"${PODS_PODFILE_DIR_PATH}/Podfile.lock",
				"${PODS_ROOT}/Manifest.lock",
			);
			name = "[CP] Check Pods Manifest.lock";
			outputFileListPaths = (
			);
			outputPaths = (
				"$(DERIVED_FILE_DIR)/Pods-Cumulus-checkManifestLockResult.txt",
			);
			runOnlyForDeploymentPostprocessing = 0;
			shellPath = /bin/sh;
			shellScript = "diff \"${PODS_PODFILE_DIR_PATH}/Podfile.lock\" \"${PODS_ROOT}/Manifest.lock\" > /dev/null\nif [ $? != 0 ] ; then\n    # print error to STDERR\n    echo \"error: The sandbox is not in sync with the Podfile.lock. Run 'pod install' or update your CocoaPods installation.\" >&2\n    exit 1\nfi\n# This output is used by Xcode 'outputs' to avoid re-running this script phase.\necho \"SUCCESS\" > \"${SCRIPT_OUTPUT_FILE_0}\"\n";
			showEnvVarsInLog = 0;
		};
		E35B026C3E5D547D7FA92C64 /* [CP] Embed Pods Frameworks */ = {
			isa = PBXShellScriptBuildPhase;
			buildActionMask = 2147483647;
			files = (
			);
			inputFileListPaths = (
				"${PODS_ROOT}/Target Support Files/Pods-Cumulus/Pods-Cumulus-frameworks-${CONFIGURATION}-input-files.xcfilelist",
			);
			name = "[CP] Embed Pods Frameworks";
			outputFileListPaths = (
				"${PODS_ROOT}/Target Support Files/Pods-Cumulus/Pods-Cumulus-frameworks-${CONFIGURATION}-output-files.xcfilelist",
			);
			runOnlyForDeploymentPostprocessing = 0;
			shellPath = /bin/sh;
			shellScript = "\"${PODS_ROOT}/Target Support Files/Pods-Cumulus/Pods-Cumulus-frameworks.sh\"\n";
			showEnvVarsInLog = 0;
		};
/* End PBXShellScriptBuildPhase section */

/* Begin PBXSourcesBuildPhase section */
		CF6E4A9A20DACFD8002349A7 /* Sources */ = {
			isa = PBXSourcesBuildPhase;
			buildActionMask = 2147483647;
			files = (
				CFA5487025FFB80900102006 /* Constants.swift in Sources */,
				CFD790DA2151C4CD007E489D /* ThemeTableVC.swift in Sources */,
				CF6E4AA420DACFD8002349A7 /* ForecastVC.swift in Sources */,
				CFCB3B0726CAE6CA00D0B0C5 /* OpenWeatherModel.swift in Sources */,
				CFF0A964242E9A2500FDDAF1 /* Locations.xcdatamodeld in Sources */,
				CFBE904F25C878B0006A5C2B /* Toolbar.swift in Sources */,
				CFAB4446211F3A2000A7E3CB /* DefaultSettingsTableVC.swift in Sources */,
				CFD1CD2320EE9544004ED831 /* SettingsTableVC.swift in Sources */,
				CFC186152131B8A800F56AD0 /* CumulusPlusTableVC.swift in Sources */,
				CFBE906125C87907006A5C2B /* Doubles.swift in Sources */,
				CFBE905D25C87901006A5C2B /* Strings.swift in Sources */,
				CFBE907225C879DD006A5C2B /* Functions.swift in Sources */,
				CFB693E520F8577200DE669A /* PrivacyAndTermsVC.swift in Sources */,
				CFBE904B25C87898006A5C2B /* Color.swift in Sources */,
				CFEA0F7C24D437B100E62E5F /* WeatherUnitsVC.swift in Sources */,
				CF4A0E612108B5580061CAAD /* AppIconTableVC.swift in Sources */,
				CFA3259E20E44DE500F4AFBD /* LocationsVC.swift in Sources */,
				CF27280125F023E6007967EB /* ForecastDataTableVC.swift in Sources */,
				CFBE906E25C879C0006A5C2B /* Variables.swift in Sources */,
				CF4205AC25B78B68002C2F97 /* DarkSkyAPI.swift in Sources */,
				CFBE905725C878CA006A5C2B /* Date.swift in Sources */,
				CFD5E8FC20E669B0002A5F0C /* AcknowledgementsVC.swift in Sources */,
				CF6E4AA220DACFD8002349A7 /* AppDelegate.swift in Sources */,
				CFD612AD259B8C9300FBC677 /* OpenWeatherAPI.swift in Sources */,
				CFB1E84520E5972200972F19 /* LocationCell.swift in Sources */,
			);
			runOnlyForDeploymentPostprocessing = 0;
		};
		CFD9CDF62535FD3200CB128E /* Sources */ = {
			isa = PBXSourcesBuildPhase;
			buildActionMask = 2147483647;
			files = (
				CFBE90D025C87C83006A5C2B /* Toolbar.swift in Sources */,
				CFD9CDFF2535FD3200CB128E /* Cumulus_Widget.swift in Sources */,
				CFBE90D425C87C83006A5C2B /* Color.swift in Sources */,
				CFBE90D125C87C83006A5C2B /* Strings.swift in Sources */,
				CF4205E525B78D0B002C2F97 /* OpenWeatherAPI.swift in Sources */,
				CFBE90D325C87C83006A5C2B /* Doubles.swift in Sources */,
				CF4205AF25B78B68002C2F97 /* DarkSkyAPI.swift in Sources */,
				CFBE90CC25C87C32006A5C2B /* Variables.swift in Sources */,
				CFD4ED2E26CC510000A5632B /* AppDelegate.swift in Sources */,
				CFCB3B0826CAE6CA00D0B0C5 /* OpenWeatherModel.swift in Sources */,
				CFBE90D225C87C83006A5C2B /* Date.swift in Sources */,
				CFBE90CD25C87C3E006A5C2B /* Functions.swift in Sources */,
				CFA5487725FFB83E00102006 /* Constants.swift in Sources */,
			);
			runOnlyForDeploymentPostprocessing = 0;
		};
/* End PBXSourcesBuildPhase section */

/* Begin PBXTargetDependency section */
		CFD9CE042535FD3200CB128E /* PBXTargetDependency */ = {
			isa = PBXTargetDependency;
			target = CFD9CDF92535FD3200CB128E /* Cumulus WidgetExtension */;
			targetProxy = CFD9CE032535FD3200CB128E /* PBXContainerItemProxy */;
		};
/* End PBXTargetDependency section */

/* Begin XCBuildConfiguration section */
		CF6E4AAE20DACFD9002349A7 /* Debug */ = {
			isa = XCBuildConfiguration;
			buildSettings = {
				ALWAYS_SEARCH_USER_PATHS = NO;
				CLANG_ANALYZER_NONNULL = YES;
				CLANG_ANALYZER_NUMBER_OBJECT_CONVERSION = YES_AGGRESSIVE;
				CLANG_CXX_LANGUAGE_STANDARD = "gnu++14";
				CLANG_CXX_LIBRARY = "libc++";
				CLANG_ENABLE_MODULES = YES;
				CLANG_ENABLE_OBJC_ARC = YES;
				CLANG_ENABLE_OBJC_WEAK = YES;
				CLANG_WARN_BLOCK_CAPTURE_AUTORELEASING = YES;
				CLANG_WARN_BOOL_CONVERSION = YES;
				CLANG_WARN_COMMA = YES;
				CLANG_WARN_CONSTANT_CONVERSION = YES;
				CLANG_WARN_DEPRECATED_OBJC_IMPLEMENTATIONS = YES;
				CLANG_WARN_DIRECT_OBJC_ISA_USAGE = YES_ERROR;
				CLANG_WARN_DOCUMENTATION_COMMENTS = YES;
				CLANG_WARN_EMPTY_BODY = YES;
				CLANG_WARN_ENUM_CONVERSION = YES;
				CLANG_WARN_INFINITE_RECURSION = YES;
				CLANG_WARN_INT_CONVERSION = YES;
				CLANG_WARN_NON_LITERAL_NULL_CONVERSION = YES;
				CLANG_WARN_OBJC_IMPLICIT_RETAIN_SELF = YES;
				CLANG_WARN_OBJC_LITERAL_CONVERSION = YES;
				CLANG_WARN_OBJC_ROOT_CLASS = YES_ERROR;
				CLANG_WARN_QUOTED_INCLUDE_IN_FRAMEWORK_HEADER = YES;
				CLANG_WARN_RANGE_LOOP_ANALYSIS = YES;
				CLANG_WARN_STRICT_PROTOTYPES = YES;
				CLANG_WARN_SUSPICIOUS_MOVE = YES;
				CLANG_WARN_UNGUARDED_AVAILABILITY = YES_AGGRESSIVE;
				CLANG_WARN_UNREACHABLE_CODE = YES;
				CLANG_WARN__DUPLICATE_METHOD_MATCH = YES;
				CODE_SIGN_IDENTITY = "iPhone Developer";
				COPY_PHASE_STRIP = NO;
				DEBUG_INFORMATION_FORMAT = dwarf;
				ENABLE_STRICT_OBJC_MSGSEND = YES;
				ENABLE_TESTABILITY = YES;
				GCC_C_LANGUAGE_STANDARD = gnu11;
				GCC_DYNAMIC_NO_PIC = NO;
				GCC_NO_COMMON_BLOCKS = YES;
				GCC_OPTIMIZATION_LEVEL = 0;
				GCC_PREPROCESSOR_DEFINITIONS = (
					"DEBUG=1",
					"$(inherited)",
				);
				GCC_WARN_64_TO_32_BIT_CONVERSION = YES;
				GCC_WARN_ABOUT_RETURN_TYPE = YES_ERROR;
				GCC_WARN_UNDECLARED_SELECTOR = YES;
				GCC_WARN_UNINITIALIZED_AUTOS = YES_AGGRESSIVE;
				GCC_WARN_UNUSED_FUNCTION = YES;
				GCC_WARN_UNUSED_VARIABLE = YES;
				IPHONEOS_DEPLOYMENT_TARGET = 13.0;
				MTL_ENABLE_DEBUG_INFO = YES;
				ONLY_ACTIVE_ARCH = YES;
				SDKROOT = iphoneos;
				SWIFT_ACTIVE_COMPILATION_CONDITIONS = DEBUG;
				SWIFT_OPTIMIZATION_LEVEL = "-Onone";
			};
			name = Debug;
		};
		CF6E4AAF20DACFD9002349A7 /* Release */ = {
			isa = XCBuildConfiguration;
			buildSettings = {
				ALWAYS_SEARCH_USER_PATHS = NO;
				CLANG_ANALYZER_NONNULL = YES;
				CLANG_ANALYZER_NUMBER_OBJECT_CONVERSION = YES_AGGRESSIVE;
				CLANG_CXX_LANGUAGE_STANDARD = "gnu++14";
				CLANG_CXX_LIBRARY = "libc++";
				CLANG_ENABLE_MODULES = YES;
				CLANG_ENABLE_OBJC_ARC = YES;
				CLANG_ENABLE_OBJC_WEAK = YES;
				CLANG_WARN_BLOCK_CAPTURE_AUTORELEASING = YES;
				CLANG_WARN_BOOL_CONVERSION = YES;
				CLANG_WARN_COMMA = YES;
				CLANG_WARN_CONSTANT_CONVERSION = YES;
				CLANG_WARN_DEPRECATED_OBJC_IMPLEMENTATIONS = YES;
				CLANG_WARN_DIRECT_OBJC_ISA_USAGE = YES_ERROR;
				CLANG_WARN_DOCUMENTATION_COMMENTS = YES;
				CLANG_WARN_EMPTY_BODY = YES;
				CLANG_WARN_ENUM_CONVERSION = YES;
				CLANG_WARN_INFINITE_RECURSION = YES;
				CLANG_WARN_INT_CONVERSION = YES;
				CLANG_WARN_NON_LITERAL_NULL_CONVERSION = YES;
				CLANG_WARN_OBJC_IMPLICIT_RETAIN_SELF = YES;
				CLANG_WARN_OBJC_LITERAL_CONVERSION = YES;
				CLANG_WARN_OBJC_ROOT_CLASS = YES_ERROR;
				CLANG_WARN_QUOTED_INCLUDE_IN_FRAMEWORK_HEADER = YES;
				CLANG_WARN_RANGE_LOOP_ANALYSIS = YES;
				CLANG_WARN_STRICT_PROTOTYPES = YES;
				CLANG_WARN_SUSPICIOUS_MOVE = YES;
				CLANG_WARN_UNGUARDED_AVAILABILITY = YES_AGGRESSIVE;
				CLANG_WARN_UNREACHABLE_CODE = YES;
				CLANG_WARN__DUPLICATE_METHOD_MATCH = YES;
				CODE_SIGN_IDENTITY = "iPhone Developer";
				COPY_PHASE_STRIP = NO;
				DEBUG_INFORMATION_FORMAT = "dwarf-with-dsym";
				ENABLE_NS_ASSERTIONS = NO;
				ENABLE_STRICT_OBJC_MSGSEND = YES;
				GCC_C_LANGUAGE_STANDARD = gnu11;
				GCC_NO_COMMON_BLOCKS = YES;
				GCC_WARN_64_TO_32_BIT_CONVERSION = YES;
				GCC_WARN_ABOUT_RETURN_TYPE = YES_ERROR;
				GCC_WARN_UNDECLARED_SELECTOR = YES;
				GCC_WARN_UNINITIALIZED_AUTOS = YES_AGGRESSIVE;
				GCC_WARN_UNUSED_FUNCTION = YES;
				GCC_WARN_UNUSED_VARIABLE = YES;
				IPHONEOS_DEPLOYMENT_TARGET = 13.0;
				MTL_ENABLE_DEBUG_INFO = NO;
				SDKROOT = iphoneos;
				SWIFT_COMPILATION_MODE = wholemodule;
				SWIFT_OPTIMIZATION_LEVEL = "-O";
				VALIDATE_PRODUCT = YES;
			};
			name = Release;
		};
		CF6E4AB120DACFD9002349A7 /* Debug */ = {
			isa = XCBuildConfiguration;
			baseConfigurationReference = CE350F1557F2EB4B2AA72A5E /* Pods-Cumulus.debug.xcconfig */;
			buildSettings = {
				ALWAYS_EMBED_SWIFT_STANDARD_LIBRARIES = YES;
				APPLICATION_EXTENSION_API_ONLY = NO;
				ASSETCATALOG_COMPILER_APPICON_NAME = AppIcon;
				CODE_SIGN_ENTITLEMENTS = Cumulus/Cumulus.entitlements;
				CODE_SIGN_STYLE = Automatic;
				CURRENT_PROJECT_VERSION = 2.2.27;
				DEVELOPMENT_TEAM = 24WZU35MAF;
				INFOPLIST_FILE = "$(SRCROOT)/Cumulus/Info.plist";
				IPHONEOS_DEPLOYMENT_TARGET = 13.0;
				LD_RUNPATH_SEARCH_PATHS = (
					"$(inherited)",
					"@executable_path/Frameworks",
				);
				MARKETING_VERSION = 2.2.9;
				PRODUCT_BUNDLE_IDENTIFIER = com.josephszafarowicz.Cumulus;
				PRODUCT_NAME = "$(TARGET_NAME)";
				SWIFT_VERSION = 5.0;
				TARGETED_DEVICE_FAMILY = "1,2";
			};
			name = Debug;
		};
		CF6E4AB220DACFD9002349A7 /* Release */ = {
			isa = XCBuildConfiguration;
			baseConfigurationReference = 63FF7E1298D9FA0C67608898 /* Pods-Cumulus.release.xcconfig */;
			buildSettings = {
				ALWAYS_EMBED_SWIFT_STANDARD_LIBRARIES = YES;
				APPLICATION_EXTENSION_API_ONLY = NO;
				ASSETCATALOG_COMPILER_APPICON_NAME = AppIcon;
				CODE_SIGN_ENTITLEMENTS = Cumulus/Cumulus.entitlements;
				CODE_SIGN_STYLE = Automatic;
				CURRENT_PROJECT_VERSION = 2.2.27;
				DEVELOPMENT_TEAM = 24WZU35MAF;
				INFOPLIST_FILE = "$(SRCROOT)/Cumulus/Info.plist";
				IPHONEOS_DEPLOYMENT_TARGET = 13.0;
				LD_RUNPATH_SEARCH_PATHS = (
					"$(inherited)",
					"@executable_path/Frameworks",
				);
				MARKETING_VERSION = 2.2.9;
				PRODUCT_BUNDLE_IDENTIFIER = com.josephszafarowicz.Cumulus;
				PRODUCT_NAME = "$(TARGET_NAME)";
				SWIFT_VERSION = 5.0;
				TARGETED_DEVICE_FAMILY = "1,2";
			};
			name = Release;
		};
		CFD9CE062535FD3200CB128E /* Debug */ = {
			isa = XCBuildConfiguration;
			baseConfigurationReference = 66CEBF380AF5EEC801E6A4A1 /* Pods-Cumulus-Cumulus WidgetExtension.debug.xcconfig */;
			buildSettings = {
				ASSETCATALOG_COMPILER_GLOBAL_ACCENT_COLOR_NAME = AccentColor;
				ASSETCATALOG_COMPILER_WIDGET_BACKGROUND_COLOR_NAME = WidgetBackground;
				CODE_SIGN_ENTITLEMENTS = "Cumulus Widget/Cumulus WidgetExtension.entitlements";
				CODE_SIGN_STYLE = Automatic;
				CURRENT_PROJECT_VERSION = 2.2.27;
				DEVELOPMENT_TEAM = 24WZU35MAF;
				INFOPLIST_FILE = "Cumulus Widget/Info.plist";
				IPHONEOS_DEPLOYMENT_TARGET = 14.0;
				LD_RUNPATH_SEARCH_PATHS = (
					"$(inherited)",
					"@executable_path/Frameworks",
					"@executable_path/../../Frameworks",
				);
				MARKETING_VERSION = 2.2.7;
				MTL_ENABLE_DEBUG_INFO = INCLUDE_SOURCE;
				MTL_FAST_MATH = YES;
				PRODUCT_BUNDLE_IDENTIFIER = "com.josephszafarowicz.Cumulus.Cumulus-Widget";
				PRODUCT_NAME = "$(TARGET_NAME)";
				SKIP_INSTALL = YES;
				SWIFT_VERSION = 5.0;
				TARGETED_DEVICE_FAMILY = "1,2";
			};
			name = Debug;
		};
		CFD9CE072535FD3200CB128E /* Release */ = {
			isa = XCBuildConfiguration;
			baseConfigurationReference = 54C30CC3F4BA039319DF1E98 /* Pods-Cumulus-Cumulus WidgetExtension.release.xcconfig */;
			buildSettings = {
				ASSETCATALOG_COMPILER_GLOBAL_ACCENT_COLOR_NAME = AccentColor;
				ASSETCATALOG_COMPILER_WIDGET_BACKGROUND_COLOR_NAME = WidgetBackground;
				CODE_SIGN_ENTITLEMENTS = "Cumulus Widget/Cumulus WidgetExtension.entitlements";
				CODE_SIGN_STYLE = Automatic;
				CURRENT_PROJECT_VERSION = 2.2.27;
				DEVELOPMENT_TEAM = 24WZU35MAF;
				INFOPLIST_FILE = "Cumulus Widget/Info.plist";
				IPHONEOS_DEPLOYMENT_TARGET = 14.0;
				LD_RUNPATH_SEARCH_PATHS = (
					"$(inherited)",
					"@executable_path/Frameworks",
					"@executable_path/../../Frameworks",
				);
				MARKETING_VERSION = 2.2.7;
				MTL_FAST_MATH = YES;
				PRODUCT_BUNDLE_IDENTIFIER = "com.josephszafarowicz.Cumulus.Cumulus-Widget";
				PRODUCT_NAME = "$(TARGET_NAME)";
				SKIP_INSTALL = YES;
				SWIFT_VERSION = 5.0;
				TARGETED_DEVICE_FAMILY = "1,2";
			};
			name = Release;
		};
/* End XCBuildConfiguration section */

/* Begin XCConfigurationList section */
		CF6E4A9920DACFD8002349A7 /* Build configuration list for PBXProject "Cumulus" */ = {
			isa = XCConfigurationList;
			buildConfigurations = (
				CF6E4AAE20DACFD9002349A7 /* Debug */,
				CF6E4AAF20DACFD9002349A7 /* Release */,
			);
			defaultConfigurationIsVisible = 0;
			defaultConfigurationName = Release;
		};
		CF6E4AB020DACFD9002349A7 /* Build configuration list for PBXNativeTarget "Cumulus" */ = {
			isa = XCConfigurationList;
			buildConfigurations = (
				CF6E4AB120DACFD9002349A7 /* Debug */,
				CF6E4AB220DACFD9002349A7 /* Release */,
			);
			defaultConfigurationIsVisible = 0;
			defaultConfigurationName = Release;
		};
		CFD9CE082535FD3200CB128E /* Build configuration list for PBXNativeTarget "Cumulus WidgetExtension" */ = {
			isa = XCConfigurationList;
			buildConfigurations = (
				CFD9CE062535FD3200CB128E /* Debug */,
				CFD9CE072535FD3200CB128E /* Release */,
			);
			defaultConfigurationIsVisible = 0;
			defaultConfigurationName = Release;
		};
/* End XCConfigurationList section */

/* Begin XCVersionGroup section */
		CF824C3820E84EEB00E5F0A7 /* Locations.xcdatamodeld */ = {
			isa = XCVersionGroup;
			children = (
				CF824C3920E84EEB00E5F0A7 /* Locations.xcdatamodel */,
			);
			currentVersion = CF824C3920E84EEB00E5F0A7 /* Locations.xcdatamodel */;
			path = Locations.xcdatamodeld;
			sourceTree = "<group>";
			versionGroupType = wrapper.xcdatamodel;
		};
/* End XCVersionGroup section */
	};
	rootObject = CF6E4A9620DACFD8002349A7 /* Project object */;
}
